// !$*UTF8*$!
{
	archiveVersion = 1;
	classes = {
	};
	objectVersion = 46;
	objects = {

/* Begin PBXBuildFile section */
		9A5245BB1F03C4720038F044 /* AppDelegate.swift in Sources */ = {isa = PBXBuildFile; fileRef = 9A5245BA1F03C4720038F044 /* AppDelegate.swift */; };
		9A5245BD1F03C4720038F044 /* ViewController.swift in Sources */ = {isa = PBXBuildFile; fileRef = 9A5245BC1F03C4720038F044 /* ViewController.swift */; };
		9A5245C01F03C4720038F044 /* Main.storyboard in Resources */ = {isa = PBXBuildFile; fileRef = 9A5245BE1F03C4720038F044 /* Main.storyboard */; };
		9A5245C31F03C4720038F044 /* RMS.xcdatamodeld in Sources */ = {isa = PBXBuildFile; fileRef = 9A5245C11F03C4720038F044 /* RMS.xcdatamodeld */; };
		9A5245C51F03C4720038F044 /* Assets.xcassets in Resources */ = {isa = PBXBuildFile; fileRef = 9A5245C41F03C4720038F044 /* Assets.xcassets */; };
		9A5245C81F03C4720038F044 /* LaunchScreen.storyboard in Resources */ = {isa = PBXBuildFile; fileRef = 9A5245C61F03C4720038F044 /* LaunchScreen.storyboard */; };
		9A5245D31F03C4720038F044 /* RMSTests.swift in Sources */ = {isa = PBXBuildFile; fileRef = 9A5245D21F03C4720038F044 /* RMSTests.swift */; };
		9A5245DE1F03C4720038F044 /* RMSUITests.swift in Sources */ = {isa = PBXBuildFile; fileRef = 9A5245DD1F03C4720038F044 /* RMSUITests.swift */; };
/* End PBXBuildFile section */

/* Begin PBXContainerItemProxy section */
		9A5245CF1F03C4720038F044 /* PBXContainerItemProxy */ = {
			isa = PBXContainerItemProxy;
			containerPortal = 9A5245AF1F03C4720038F044 /* Project object */;
			proxyType = 1;
			remoteGlobalIDString = 9A5245B61F03C4720038F044;
			remoteInfo = RMS;
		};
		9A5245DA1F03C4720038F044 /* PBXContainerItemProxy */ = {
			isa = PBXContainerItemProxy;
			containerPortal = 9A5245AF1F03C4720038F044 /* Project object */;
			proxyType = 1;
			remoteGlobalIDString = 9A5245B61F03C4720038F044;
			remoteInfo = RMS;
		};
/* End PBXContainerItemProxy section */

/* Begin PBXFileReference section */
		9A5245B71F03C4720038F044 /* RMS.app */ = {isa = PBXFileReference; explicitFileType = wrapper.application; includeInIndex = 0; path = RMS.app; sourceTree = BUILT_PRODUCTS_DIR; };
		9A5245BA1F03C4720038F044 /* AppDelegate.swift */ = {isa = PBXFileReference; lastKnownFileType = sourcecode.swift; path = AppDelegate.swift; sourceTree = "<group>"; };
		9A5245BC1F03C4720038F044 /* ViewController.swift */ = {isa = PBXFileReference; lastKnownFileType = sourcecode.swift; path = ViewController.swift; sourceTree = "<group>"; };
		9A5245BF1F03C4720038F044 /* Base */ = {isa = PBXFileReference; lastKnownFileType = file.storyboard; name = Base; path = Base.lproj/Main.storyboard; sourceTree = "<group>"; };
		9A5245C21F03C4720038F044 /* RMS.xcdatamodel */ = {isa = PBXFileReference; lastKnownFileType = wrapper.xcdatamodel; path = RMS.xcdatamodel; sourceTree = "<group>"; };
		9A5245C41F03C4720038F044 /* Assets.xcassets */ = {isa = PBXFileReference; lastKnownFileType = folder.assetcatalog; path = Assets.xcassets; sourceTree = "<group>"; };
		9A5245C71F03C4720038F044 /* Base */ = {isa = PBXFileReference; lastKnownFileType = file.storyboard; name = Base; path = Base.lproj/LaunchScreen.storyboard; sourceTree = "<group>"; };
		9A5245C91F03C4720038F044 /* Info.plist */ = {isa = PBXFileReference; lastKnownFileType = text.plist.xml; path = Info.plist; sourceTree = "<group>"; };
		9A5245CE1F03C4720038F044 /* RMSTests.xctest */ = {isa = PBXFileReference; explicitFileType = wrapper.cfbundle; includeInIndex = 0; path = RMSTests.xctest; sourceTree = BUILT_PRODUCTS_DIR; };
		9A5245D21F03C4720038F044 /* RMSTests.swift */ = {isa = PBXFileReference; lastKnownFileType = sourcecode.swift; path = RMSTests.swift; sourceTree = "<group>"; };
		9A5245D41F03C4720038F044 /* Info.plist */ = {isa = PBXFileReference; lastKnownFileType = text.plist.xml; path = Info.plist; sourceTree = "<group>"; };
		9A5245D91F03C4720038F044 /* RMSUITests.xctest */ = {isa = PBXFileReference; explicitFileType = wrapper.cfbundle; includeInIndex = 0; path = RMSUITests.xctest; sourceTree = BUILT_PRODUCTS_DIR; };
		9A5245DD1F03C4720038F044 /* RMSUITests.swift */ = {isa = PBXFileReference; lastKnownFileType = sourcecode.swift; path = RMSUITests.swift; sourceTree = "<group>"; };
		9A5245DF1F03C4720038F044 /* Info.plist */ = {isa = PBXFileReference; lastKnownFileType = text.plist.xml; path = Info.plist; sourceTree = "<group>"; };
/* End PBXFileReference section */

/* Begin PBXFrameworksBuildPhase section */
		9A5245B41F03C4720038F044 /* Frameworks */ = {
			isa = PBXFrameworksBuildPhase;
			buildActionMask = 2147483647;
			files = (
			);
			runOnlyForDeploymentPostprocessing = 0;
		};
		9A5245CB1F03C4720038F044 /* Frameworks */ = {
			isa = PBXFrameworksBuildPhase;
			buildActionMask = 2147483647;
			files = (
			);
			runOnlyForDeploymentPostprocessing = 0;
		};
		9A5245D61F03C4720038F044 /* Frameworks */ = {
			isa = PBXFrameworksBuildPhase;
			buildActionMask = 2147483647;
			files = (
			);
			runOnlyForDeploymentPostprocessing = 0;
		};
/* End PBXFrameworksBuildPhase section */

/* Begin PBXGroup section */
		9A5245AE1F03C4720038F044 = {
			isa = PBXGroup;
			children = (
				9A5245B91F03C4720038F044 /* RMS */,
				9A5245D11F03C4720038F044 /* RMSTests */,
				9A5245DC1F03C4720038F044 /* RMSUITests */,
				9A5245B81F03C4720038F044 /* Products */,
			);
			sourceTree = "<group>";
		};
		9A5245B81F03C4720038F044 /* Products */ = {
			isa = PBXGroup;
			children = (
				9A5245B71F03C4720038F044 /* RMS.app */,
				9A5245CE1F03C4720038F044 /* RMSTests.xctest */,
				9A5245D91F03C4720038F044 /* RMSUITests.xctest */,
			);
			name = Products;
			sourceTree = "<group>";
		};
		9A5245B91F03C4720038F044 /* RMS */ = {
			isa = PBXGroup;
			children = (
				9A5245BA1F03C4720038F044 /* AppDelegate.swift */,
				9A5245BC1F03C4720038F044 /* ViewController.swift */,
				9A5245BE1F03C4720038F044 /* Main.storyboard */,
				9A5245C41F03C4720038F044 /* Assets.xcassets */,
				9A5245C61F03C4720038F044 /* LaunchScreen.storyboard */,
				9A5245C91F03C4720038F044 /* Info.plist */,
				9A5245C11F03C4720038F044 /* RMS.xcdatamodeld */,
			);
			path = RMS;
			sourceTree = "<group>";
		};
		9A5245D11F03C4720038F044 /* RMSTests */ = {
			isa = PBXGroup;
			children = (
				9A5245D21F03C4720038F044 /* RMSTests.swift */,
				9A5245D41F03C4720038F044 /* Info.plist */,
			);
			path = RMSTests;
			sourceTree = "<group>";
		};
		9A5245DC1F03C4720038F044 /* RMSUITests */ = {
			isa = PBXGroup;
			children = (
				9A5245DD1F03C4720038F044 /* RMSUITests.swift */,
				9A5245DF1F03C4720038F044 /* Info.plist */,
			);
			path = RMSUITests;
			sourceTree = "<group>";
		};
/* End PBXGroup section */

/* Begin PBXNativeTarget section */
		9A5245B61F03C4720038F044 /* RMS */ = {
			isa = PBXNativeTarget;
			buildConfigurationList = 9A5245E21F03C4720038F044 /* Build configuration list for PBXNativeTarget "RMS" */;
			buildPhases = (
				9A5245B31F03C4720038F044 /* Sources */,
				9A5245B41F03C4720038F044 /* Frameworks */,
				9A5245B51F03C4720038F044 /* Resources */,
			);
			buildRules = (
			);
			dependencies = (
			);
			name = RMS;
			productName = RMS;
			productReference = 9A5245B71F03C4720038F044 /* RMS.app */;
			productType = "com.apple.product-type.application";
		};
		9A5245CD1F03C4720038F044 /* RMSTests */ = {
			isa = PBXNativeTarget;
			buildConfigurationList = 9A5245E51F03C4720038F044 /* Build configuration list for PBXNativeTarget "RMSTests" */;
			buildPhases = (
				9A5245CA1F03C4720038F044 /* Sources */,
				9A5245CB1F03C4720038F044 /* Frameworks */,
				9A5245CC1F03C4720038F044 /* Resources */,
			);
			buildRules = (
			);
			dependencies = (
				9A5245D01F03C4720038F044 /* PBXTargetDependency */,
			);
			name = RMSTests;
			productName = RMSTests;
			productReference = 9A5245CE1F03C4720038F044 /* RMSTests.xctest */;
			productType = "com.apple.product-type.bundle.unit-test";
		};
		9A5245D81F03C4720038F044 /* RMSUITests */ = {
			isa = PBXNativeTarget;
			buildConfigurationList = 9A5245E81F03C4720038F044 /* Build configuration list for PBXNativeTarget "RMSUITests" */;
			buildPhases = (
				9A5245D51F03C4720038F044 /* Sources */,
				9A5245D61F03C4720038F044 /* Frameworks */,
				9A5245D71F03C4720038F044 /* Resources */,
			);
			buildRules = (
			);
			dependencies = (
				9A5245DB1F03C4720038F044 /* PBXTargetDependency */,
			);
			name = RMSUITests;
			productName = RMSUITests;
			productReference = 9A5245D91F03C4720038F044 /* RMSUITests.xctest */;
			productType = "com.apple.product-type.bundle.ui-testing";
		};
/* End PBXNativeTarget section */

/* Begin PBXProject section */
		9A5245AF1F03C4720038F044 /* Project object */ = {
			isa = PBXProject;
			attributes = {
				LastSwiftUpdateCheck = 0830;
				LastUpgradeCheck = 0830;
				ORGANIZATIONNAME = Netsol;
				TargetAttributes = {
					9A5245B61F03C4720038F044 = {
						CreatedOnToolsVersion = 8.3.3;
						ProvisioningStyle = Automatic;
					};
					9A5245CD1F03C4720038F044 = {
						CreatedOnToolsVersion = 8.3.3;
						ProvisioningStyle = Automatic;
						TestTargetID = 9A5245B61F03C4720038F044;
					};
					9A5245D81F03C4720038F044 = {
						CreatedOnToolsVersion = 8.3.3;
						ProvisioningStyle = Automatic;
						TestTargetID = 9A5245B61F03C4720038F044;
					};
				};
			};
			buildConfigurationList = 9A5245B21F03C4720038F044 /* Build configuration list for PBXProject "RMS" */;
			compatibilityVersion = "Xcode 3.2";
			developmentRegion = English;
			hasScannedForEncodings = 0;
			knownRegions = (
				en,
				Base,
			);
			mainGroup = 9A5245AE1F03C4720038F044;
			productRefGroup = 9A5245B81F03C4720038F044 /* Products */;
			projectDirPath = "";
			projectRoot = "";
			targets = (
				9A5245B61F03C4720038F044 /* RMS */,
				9A5245CD1F03C4720038F044 /* RMSTests */,
				9A5245D81F03C4720038F044 /* RMSUITests */,
			);
		};
/* End PBXProject section */

/* Begin PBXResourcesBuildPhase section */
		9A5245B51F03C4720038F044 /* Resources */ = {
			isa = PBXResourcesBuildPhase;
			buildActionMask = 2147483647;
			files = (
				9A5245C81F03C4720038F044 /* LaunchScreen.storyboard in Resources */,
				9A5245C51F03C4720038F044 /* Assets.xcassets in Resources */,
				9A5245C01F03C4720038F044 /* Main.storyboard in Resources */,
			);
			runOnlyForDeploymentPostprocessing = 0;
		};
		9A5245CC1F03C4720038F044 /* Resources */ = {
			isa = PBXResourcesBuildPhase;
			buildActionMask = 2147483647;
			files = (
			);
			runOnlyForDeploymentPostprocessing = 0;
		};
		9A5245D71F03C4720038F044 /* Resources */ = {
			isa = PBXResourcesBuildPhase;
			buildActionMask = 2147483647;
			files = (
			);
			runOnlyForDeploymentPostprocessing = 0;
		};
/* End PBXResourcesBuildPhase section */

/* Begin PBXSourcesBuildPhase section */
		9A5245B31F03C4720038F044 /* Sources */ = {
			isa = PBXSourcesBuildPhase;
			buildActionMask = 2147483647;
			files = (
				9A5245C31F03C4720038F044 /* RMS.xcdatamodeld in Sources */,
				9A5245BD1F03C4720038F044 /* ViewController.swift in Sources */,
				9A5245BB1F03C4720038F044 /* AppDelegate.swift in Sources */,
			);
			runOnlyForDeploymentPostprocessing = 0;
		};
		9A5245CA1F03C4720038F044 /* Sources */ = {
			isa = PBXSourcesBuildPhase;
			buildActionMask = 2147483647;
			files = (
				9A5245D31F03C4720038F044 /* RMSTests.swift in Sources */,
			);
			runOnlyForDeploymentPostprocessing = 0;
		};
		9A5245D51F03C4720038F044 /* Sources */ = {
			isa = PBXSourcesBuildPhase;
			buildActionMask = 2147483647;
			files = (
				9A5245DE1F03C4720038F044 /* RMSUITests.swift in Sources */,
			);
			runOnlyForDeploymentPostprocessing = 0;
		};
/* End PBXSourcesBuildPhase section */

/* Begin PBXTargetDependency section */
		9A5245D01F03C4720038F044 /* PBXTargetDependency */ = {
			isa = PBXTargetDependency;
			target = 9A5245B61F03C4720038F044 /* RMS */;
			targetProxy = 9A5245CF1F03C4720038F044 /* PBXContainerItemProxy */;
		};
		9A5245DB1F03C4720038F044 /* PBXTargetDependency */ = {
			isa = PBXTargetDependency;
			target = 9A5245B61F03C4720038F044 /* RMS */;
			targetProxy = 9A5245DA1F03C4720038F044 /* PBXContainerItemProxy */;
		};
/* End PBXTargetDependency section */

/* Begin PBXVariantGroup section */
		9A5245BE1F03C4720038F044 /* Main.storyboard */ = {
			isa = PBXVariantGroup;
			children = (
				9A5245BF1F03C4720038F044 /* Base */,
			);
			name = Main.storyboard;
			sourceTree = "<group>";
		};
		9A5245C61F03C4720038F044 /* LaunchScreen.storyboard */ = {
			isa = PBXVariantGroup;
			children = (
				9A5245C71F03C4720038F044 /* Base */,
			);
			name = LaunchScreen.storyboard;
			sourceTree = "<group>";
		};
/* End PBXVariantGroup section */

/* Begin XCBuildConfiguration section */
		9A5245E01F03C4720038F044 /* Debug */ = {
			isa = XCBuildConfiguration;
			buildSettings = {
				ALWAYS_SEARCH_USER_PATHS = NO;
				CLANG_ANALYZER_NONNULL = YES;
				CLANG_ANALYZER_NUMBER_OBJECT_CONVERSION = YES_AGGRESSIVE;
				CLANG_CXX_LANGUAGE_STANDARD = "gnu++0x";
				CLANG_CXX_LIBRARY = "libc++";
				CLANG_ENABLE_MODULES = YES;
				CLANG_ENABLE_OBJC_ARC = YES;
				CLANG_WARN_BOOL_CONVERSION = YES;
				CLANG_WARN_CONSTANT_CONVERSION = YES;
				CLANG_WARN_DIRECT_OBJC_ISA_USAGE = YES_ERROR;
				CLANG_WARN_DOCUMENTATION_COMMENTS = YES;
				CLANG_WARN_EMPTY_BODY = YES;
				CLANG_WARN_ENUM_CONVERSION = YES;
				CLANG_WARN_INFINITE_RECURSION = YES;
				CLANG_WARN_INT_CONVERSION = YES;
				CLANG_WARN_OBJC_ROOT_CLASS = YES_ERROR;
				CLANG_WARN_SUSPICIOUS_MOVE = YES;
				CLANG_WARN_UNREACHABLE_CODE = YES;
				CLANG_WARN__DUPLICATE_METHOD_MATCH = YES;
				"CODE_SIGN_IDENTITY[sdk=iphoneos*]" = "iPhone Developer";
				COPY_PHASE_STRIP = NO;
				DEBUG_INFORMATION_FORMAT = dwarf;
				ENABLE_STRICT_OBJC_MSGSEND = YES;
				ENABLE_TESTABILITY = YES;
				GCC_C_LANGUAGE_STANDARD = gnu99;
				GCC_DYNAMIC_NO_PIC = NO;
				GCC_NO_COMMON_BLOCKS = YES;
				GCC_OPTIMIZATION_LEVEL = 0;
				GCC_PREPROCESSOR_DEFINITIONS = (
					"DEBUG=1",
					"$(inherited)",
				);
				GCC_WARN_64_TO_32_BIT_CONVERSION = YES;
				GCC_WARN_ABOUT_RETURN_TYPE = YES_ERROR;
				GCC_WARN_UNDECLARED_SELECTOR = YES;
				GCC_WARN_UNINITIALIZED_AUTOS = YES_AGGRESSIVE;
				GCC_WARN_UNUSED_FUNCTION = YES;
				GCC_WARN_UNUSED_VARIABLE = YES;
				IPHONEOS_DEPLOYMENT_TARGET = 10.3;
				MTL_ENABLE_DEBUG_INFO = YES;
				ONLY_ACTIVE_ARCH = YES;
				SDKROOT = iphoneos;
				SWIFT_ACTIVE_COMPILATION_CONDITIONS = DEBUG;
				SWIFT_OPTIMIZATION_LEVEL = "-Onone";
			};
			name = Debug;
		};
		9A5245E11F03C4720038F044 /* Release */ = {
			isa = XCBuildConfiguration;
			buildSettings = {
				ALWAYS_SEARCH_USER_PATHS = NO;
				CLANG_ANALYZER_NONNULL = YES;
				CLANG_ANALYZER_NUMBER_OBJECT_CONVERSION = YES_AGGRESSIVE;
				CLANG_CXX_LANGUAGE_STANDARD = "gnu++0x";
				CLANG_CXX_LIBRARY = "libc++";
				CLANG_ENABLE_MODULES = YES;
				CLANG_ENABLE_OBJC_ARC = YES;
				CLANG_WARN_BOOL_CONVERSION = YES;
				CLANG_WARN_CONSTANT_CONVERSION = YES;
				CLANG_WARN_DIRECT_OBJC_ISA_USAGE = YES_ERROR;
				CLANG_WARN_DOCUMENTATION_COMMENTS = YES;
				CLANG_WARN_EMPTY_BODY = YES;
				CLANG_WARN_ENUM_CONVERSION = YES;
				CLANG_WARN_INFINITE_RECURSION = YES;
				CLANG_WARN_INT_CONVERSION = YES;
				CLANG_WARN_OBJC_ROOT_CLASS = YES_ERROR;
				CLANG_WARN_SUSPICIOUS_MOVE = YES;
				CLANG_WARN_UNREACHABLE_CODE = YES;
				CLANG_WARN__DUPLICATE_METHOD_MATCH = YES;
				"CODE_SIGN_IDENTITY[sdk=iphoneos*]" = "iPhone Developer";
				COPY_PHASE_STRIP = NO;
				DEBUG_INFORMATION_FORMAT = "dwarf-with-dsym";
				ENABLE_NS_ASSERTIONS = NO;
				ENABLE_STRICT_OBJC_MSGSEND = YES;
				GCC_C_LANGUAGE_STANDARD = gnu99;
				GCC_NO_COMMON_BLOCKS = YES;
				GCC_WARN_64_TO_32_BIT_CONVERSION = YES;
				GCC_WARN_ABOUT_RETURN_TYPE = YES_ERROR;
				GCC_WARN_UNDECLARED_SELECTOR = YES;
				GCC_WARN_UNINITIALIZED_AUTOS = YES_AGGRESSIVE;
				GCC_WARN_UNUSED_FUNCTION = YES;
				GCC_WARN_UNUSED_VARIABLE = YES;
				IPHONEOS_DEPLOYMENT_TARGET = 10.3;
				MTL_ENABLE_DEBUG_INFO = NO;
				SDKROOT = iphoneos;
				SWIFT_OPTIMIZATION_LEVEL = "-Owholemodule";
				VALIDATE_PRODUCT = YES;
			};
			name = Release;
		};
		9A5245E31F03C4720038F044 /* Debug */ = {
			isa = XCBuildConfiguration;
			buildSettings = {
				ASSETCATALOG_COMPILER_APPICON_NAME = AppIcon;
				INFOPLIST_FILE = RMS/Info.plist;
				LD_RUNPATH_SEARCH_PATHS = "$(inherited) @executable_path/Frameworks";
				PRODUCT_BUNDLE_IDENTIFIER = netsol.RMS;
				PRODUCT_NAME = "$(TARGET_NAME)";
				SWIFT_VERSION = 3.0;
			};
			name = Debug;
		};
		9A5245E41F03C4720038F044 /* Release */ = {
			isa = XCBuildConfiguration;
			buildSettings = {
				ASSETCATALOG_COMPILER_APPICON_NAME = AppIcon;
				INFOPLIST_FILE = RMS/Info.plist;
				LD_RUNPATH_SEARCH_PATHS = "$(inherited) @executable_path/Frameworks";
				PRODUCT_BUNDLE_IDENTIFIER = netsol.RMS;
				PRODUCT_NAME = "$(TARGET_NAME)";
				SWIFT_VERSION = 3.0;
			};
			name = Release;
		};
		9A5245E61F03C4720038F044 /* Debug */ = {
			isa = XCBuildConfiguration;
			buildSettings = {
				ALWAYS_EMBED_SWIFT_STANDARD_LIBRARIES = YES;
				BUNDLE_LOADER = "$(TEST_HOST)";
				INFOPLIST_FILE = RMSTests/Info.plist;
				LD_RUNPATH_SEARCH_PATHS = "$(inherited) @executable_path/Frameworks @loader_path/Frameworks";
				PRODUCT_BUNDLE_IDENTIFIER = netsol.RMSTests;
				PRODUCT_NAME = "$(TARGET_NAME)";
				SWIFT_VERSION = 3.0;
				TEST_HOST = "$(BUILT_PRODUCTS_DIR)/RMS.app/RMS";
			};
			name = Debug;
		};
		9A5245E71F03C4720038F044 /* Release */ = {
			isa = XCBuildConfiguration;
			buildSettings = {
				ALWAYS_EMBED_SWIFT_STANDARD_LIBRARIES = YES;
				BUNDLE_LOADER = "$(TEST_HOST)";
				INFOPLIST_FILE = RMSTests/Info.plist;
				LD_RUNPATH_SEARCH_PATHS = "$(inherited) @executable_path/Frameworks @loader_path/Frameworks";
				PRODUCT_BUNDLE_IDENTIFIER = netsol.RMSTests;
				PRODUCT_NAME = "$(TARGET_NAME)";
				SWIFT_VERSION = 3.0;
				TEST_HOST = "$(BUILT_PRODUCTS_DIR)/RMS.app/RMS";
			};
			name = Release;
		};
		9A5245E91F03C4720038F044 /* Debug */ = {
			isa = XCBuildConfiguration;
			buildSettings = {
				ALWAYS_EMBED_SWIFT_STANDARD_LIBRARIES = YES;
				INFOPLIST_FILE = RMSUITests/Info.plist;
				LD_RUNPATH_SEARCH_PATHS = "$(inherited) @executable_path/Frameworks @loader_path/Frameworks";
				PRODUCT_BUNDLE_IDENTIFIER = netsol.RMSUITests;
				PRODUCT_NAME = "$(TARGET_NAME)";
				SWIFT_VERSION = 3.0;
				TEST_TARGET_NAME = RMS;
			};
			name = Debug;
		};
		9A5245EA1F03C4720038F044 /* Release */ = {
			isa = XCBuildConfiguration;
			buildSettings = {
				ALWAYS_EMBED_SWIFT_STANDARD_LIBRARIES = YES;
				INFOPLIST_FILE = RMSUITests/Info.plist;
				LD_RUNPATH_SEARCH_PATHS = "$(inherited) @executable_path/Frameworks @loader_path/Frameworks";
				PRODUCT_BUNDLE_IDENTIFIER = netsol.RMSUITests;
				PRODUCT_NAME = "$(TARGET_NAME)";
				SWIFT_VERSION = 3.0;
				TEST_TARGET_NAME = RMS;
			};
			name = Release;
		};
/* End XCBuildConfiguration section */

/* Begin XCConfigurationList section */
		9A5245B21F03C4720038F044 /* Build configuration list for PBXProject "RMS" */ = {
			isa = XCConfigurationList;
			buildConfigurations = (
				9A5245E01F03C4720038F044 /* Debug */,
				9A5245E11F03C4720038F044 /* Release */,
			);
			defaultConfigurationIsVisible = 0;
			defaultConfigurationName = Release;
		};
		9A5245E21F03C4720038F044 /* Build configuration list for PBXNativeTarget "RMS" */ = {
			isa = XCConfigurationList;
			buildConfigurations = (
				9A5245E31F03C4720038F044 /* Debug */,
				9A5245E41F03C4720038F044 /* Release */,
			);
			defaultConfigurationIsVisible = 0;
		};
		9A5245E51F03C4720038F044 /* Build configuration list for PBXNativeTarget "RMSTests" */ = {
			isa = XCConfigurationList;
			buildConfigurations = (
				9A5245E61F03C4720038F044 /* Debug */,
				9A5245E71F03C4720038F044 /* Release */,
			);
			defaultConfigurationIsVisible = 0;
		};
		9A5245E81F03C4720038F044 /* Build configuration list for PBXNativeTarget "RMSUITests" */ = {
			isa = XCConfigurationList;
			buildConfigurations = (
				9A5245E91F03C4720038F044 /* Debug */,
				9A5245EA1F03C4720038F044 /* Release */,
			);
			defaultConfigurationIsVisible = 0;
		};
/* End XCConfigurationList section */

/* Begin XCVersionGroup section */
		9A5245C11F03C4720038F044 /* RMS.xcdatamodeld */ = {
			isa = XCVersionGroup;
			children = (
				9A5245C21F03C4720038F044 /* RMS.xcdatamodel */,
			);
			currentVersion = 9A5245C21F03C4720038F044 /* RMS.xcdatamodel */;
			path = RMS.xcdatamodeld;
			sourceTree = "<group>";
			versionGroupType = wrapper.xcdatamodel;
		};
/* End XCVersionGroup section */
	};
	rootObject = 9A5245AF1F03C4720038F044 /* Project object */;
}
